
{
  "name": "quick-equity-research",
  "version": "1.0.0",
  "lockfileVersion": 1,
  "requires": true,
  "dependencies": {
    "node-fetch": {
      "version": "2.6.1",
      "resolved": "https://registry.npmjs.org/node-fetch/-/node-fetch-2.6.1.tgz",
      "integrity": "sha512-VIkSOi8fJXB9L8Ymdyc6ddXl1YrMGFaAXR+Q3B+GyzMj2xv2VE+XQjodKoBy0KeJaYI9N+TGm/U4cVt7YHxhFw=="
    }
  }
}
